<Solution>
  <Project Path="ejercicio002/ejercicio002.csproj" Id="8c016bb2-0391-417f-bc9e-1ebc8db4640e" />
  <Project Path="ejercicio003/ejercicio003.csproj" Id="ee669cac-46e7-4121-87a0-4d976aa4e866" />
  <Project Path="Ejercicio004/Ejercicio004.csproj" Id="d561c5b5-29b4-4a2b-b70e-3aa005c05c60" />
  <Project Path="ejercicio1/ejercicio1.csproj" Id="76ce073e-f315-434a-bed3-65637d419dd9" />
  <Project Path="Problema002/Problema002.csproj" Id="4b08e8f9-691a-41c6-9653-47c900c88f6e" />
</Solution>
